github.com/nbkmundotech/go-modulo-biblioteca v0.0.0-20210717051919-5786a1ead1fb h1:N1QBFtGNJwq3dE8kWQufShzrF3w3YROj9lsHQvJ3UXo=
github.com/nbkmundotech/go-modulo-biblioteca v0.0.0-20210717051919-5786a1ead1fb/go.mod h1:ycKOpHg5ex5YQ+XExxSYYgm5sqHgAI6Cad6I8PWVt+E=
github.com/nbkmundotech/go-modulo-biblioteca v0.1.0 h1:AN4jO4ybJThjz0wobmlMIeljJQJxPB2biSlsywpYSec=
github.com/nbkmundotech/go-modulo-biblioteca v0.1.0/go.mod h1:ycKOpHg5ex5YQ+XExxSYYgm5sqHgAI6Cad6I8PWVt+E=
